{
  "version": 4,
  "terraform_version": "1.14.9",
  "serial": 5,
  "lineage": "cd18921a-c36c-9ff6-949e-e6eda2b277b3",
  "outputs": {
    "http_sg_id": {
      "value": "sg-042756af3a5d0efb7",
      "type": "string"
    },
    "private_subnet_ids": {
      "value": [
        "subnet-0a8bac0a34b711385",
        "subnet-0ec8db58250986a8e",
        "subnet-0e3e4a9f453a8bb98"
      ],
      "type": [
        "list",
        "string"
      ]
    },
    "public_subnet_ids": {
      "value": [
        "subnet-09797c08cc01a397e",
        "subnet-01d6f6765b836c2b8",
        "subnet-04423983d92dcbee3"
      ],
      "type": [
        "list",
        "string"
      ]
    },
    "vpc_id": {
      "value": "vpc-05e7d0e5573c1c358",
      "type": "string"
    }
  },
  "resources": [
    {
      "mode": "data",
      "type": "aws_security_group",
      "name": "st1_ex_alb_sg",
      "provider": "provider[\"registry.terraform.io/hashicorp/aws\"]",
      "instances": [
        {
          "schema_version": 0,
          "attributes": {
            "arn": "arn:aws:ec2:ap-south-1:476293896981:security-group/sg-0676ed20162a45155",
            "description": "Security group for st1 example",
            "filter": [
              {
                "name": "tag:Name",
                "values": [
                  "st1-alb-sg"
                ]
              }
            ],
            "id": "sg-0676ed20162a45155",
            "name": "st1-alb-sg",
            "region": "ap-south-1",
            "tags": {
              "Name": "st1-alb-sg",
              "manageby": "terraform",
              "owner": "st1",
              "project": "MSP-Solution-Architect-Training"
            },
            "timeouts": null,
            "vpc_id": "vpc-05e7d0e5573c1c358"
          },
          "sensitive_attributes": [],
          "identity_schema_version": 0
        }
      ]
    },
    {
      "mode": "data",
      "type": "aws_security_group",
      "name": "st1_ex_http_sg",
      "provider": "provider[\"registry.terraform.io/hashicorp/aws\"]",
      "instances": [
        {
          "schema_version": 0,
          "attributes": {
            "arn": "arn:aws:ec2:ap-south-1:476293896981:security-group/sg-042756af3a5d0efb7",
            "description": "Security group for st1 http example",
            "filter": [
              {
                "name": "tag:Name",
                "values": [
                  "st1-http-sg"
                ]
              }
            ],
            "id": "sg-042756af3a5d0efb7",
            "name": "st1-http-sg",
            "region": "ap-south-1",
            "tags": {
              "Name": "st1-http-sg",
              "manageby": "terraform",
              "owner": "st1",
              "project": "MSP-Solution-Architect-Training"
            },
            "timeouts": null,
            "vpc_id": "vpc-05e7d0e5573c1c358"
          },
          "sensitive_attributes": [],
          "identity_schema_version": 0
        }
      ]
    },
    {
      "mode": "data",
      "type": "aws_subnets",
      "name": "st1_ex_private_subnet",
      "provider": "provider[\"registry.terraform.io/hashicorp/aws\"]",
      "instances": [
        {
          "schema_version": 0,
          "attributes": {
            "filter": [
              {
                "name": "tag:Name",
                "values": [
                  "st1-ex-private-subnet-1",
                  "st1-ex-private-subnet-2",
                  "st1-ex-private-subnet-3"
                ]
              }
            ],
            "id": "ap-south-1",
            "ids": [
              "subnet-0a8bac0a34b711385",
              "subnet-0ec8db58250986a8e",
              "subnet-0e3e4a9f453a8bb98"
            ],
            "region": "ap-south-1",
            "tags": null,
            "timeouts": null
          },
          "sensitive_attributes": [],
          "identity_schema_version": 0
        }
      ]
    },
    {
      "mode": "data",
      "type": "aws_subnets",
      "name": "st1_ex_public_subnet",
      "provider": "provider[\"registry.terraform.io/hashicorp/aws\"]",
      "instances": [
        {
          "schema_version": 0,
          "attributes": {
            "filter": [
              {
                "name": "tag:Name",
                "values": [
                  "st1-ex-public-subnet-1",
                  "st1-ex-public-subnet-2",
                  "st1-ex-public-subnet-3"
                ]
              }
            ],
            "id": "ap-south-1",
            "ids": [
              "subnet-09797c08cc01a397e",
              "subnet-01d6f6765b836c2b8",
              "subnet-04423983d92dcbee3"
            ],
            "region": "ap-south-1",
            "tags": null,
            "timeouts": null
          },
          "sensitive_attributes": [],
          "identity_schema_version": 0
        }
      ]
    },
    {
      "mode": "data",
      "type": "aws_vpc",
      "name": "st1_ex_vpc",
      "provider": "provider[\"registry.terraform.io/hashicorp/aws\"]",
      "instances": [
        {
          "schema_version": 0,
          "attributes": {
            "arn": "arn:aws:ec2:ap-south-1:476293896981:vpc/vpc-05e7d0e5573c1c358",
            "cidr_block": "10.0.0.0/16",
            "cidr_block_associations": [
              {
                "association_id": "vpc-cidr-assoc-05b4030b9a06c59c5",
                "cidr_block": "10.0.0.0/16",
                "state": "associated"
              }
            ],
            "default": false,
            "dhcp_options_id": "dopt-02fb1f2b7284960b8",
            "enable_dns_hostnames": true,
            "enable_dns_support": true,
            "enable_network_address_usage_metrics": false,
            "filter": [
              {
                "name": "tag:Name",
                "values": [
                  "st1-ex-vpc"
                ]
              }
            ],
            "id": "vpc-05e7d0e5573c1c358",
            "instance_tenancy": "default",
            "ipv6_association_id": "",
            "ipv6_cidr_block": "",
            "main_route_table_id": "rtb-0b10b6bd52b5b7ed1",
            "owner_id": "476293896981",
            "region": "ap-south-1",
            "state": null,
            "tags": {
              "Name": "st1-ex-vpc",
              "manageby": "terraform",
              "owner": "st1",
              "project": "MSP-Solution-Architect-Training"
            },
            "timeouts": null
          },
          "sensitive_attributes": [],
          "identity_schema_version": 0
        }
      ]
    },
    {
      "mode": "managed",
      "type": "aws_security_group_rule",
      "name": "st1_ex_http_sg",
      "provider": "provider[\"registry.terraform.io/hashicorp/aws\"]",
      "instances": [
        {
          "schema_version": 2,
          "attributes": {
            "cidr_blocks": null,
            "description": null,
            "from_port": 8080,
            "id": "sgrule-3238440400",
            "ipv6_cidr_blocks": null,
            "prefix_list_ids": null,
            "protocol": "tcp",
            "region": "ap-south-1",
            "security_group_id": "sg-042756af3a5d0efb7",
            "security_group_rule_id": "sgr-00250247942420c0d",
            "self": false,
            "source_security_group_id": "sg-0676ed20162a45155",
            "timeouts": null,
            "to_port": 8085,
            "type": "ingress"
          },
          "sensitive_attributes": [],
          "identity_schema_version": 0,
          "private": "eyJlMmJmYjczMC1lY2FhLTExZTYtOGY4OC0zNDM2M2JjN2M0YzAiOnsiY3JlYXRlIjozMDAwMDAwMDAwMDB9LCJzY2hlbWFfdmVyc2lvbiI6IjIifQ==",
          "dependencies": [
            "data.aws_security_group.st1_ex_alb_sg",
            "data.aws_security_group.st1_ex_http_sg"
          ]
        }
      ]
    }
  ],
  "check_results": null
}
